
Microsoft Visual Studio Solution File, Format Version 12.00
Project("{FAE04EC0-301F-11D3-BF4B-00C04F79EFBC}") = "Logging.Core", "Logging.Core\Logging.Core.csproj", "{A99C7479-8A29-4808-8782-A3BCBD211A71}"
EndProject
Global
	GlobalSection(SolutionConfigurationPlatforms) = preSolution
		Debug|Any CPU = Debug|Any CPU
		Release|Any CPU = Release|Any CPU
	EndGlobalSection
	GlobalSection(ProjectConfigurationPlatforms) = postSolution
		{A99C7479-8A29-4808-8782-A3BCBD211A71}.Debug|Any CPU.ActiveCfg = Debug|Any CPU
		{A99C7479-8A29-4808-8782-A3BCBD211A71}.Debug|Any CPU.Build.0 = Debug|Any CPU
		{A99C7479-8A29-4808-8782-A3BCBD211A71}.Release|Any CPU.ActiveCfg = Release|Any CPU
		{A99C7479-8A29-4808-8782-A3BCBD211A71}.Release|Any CPU.Build.0 = Release|Any CPU
	EndGlobalSection
EndGlobal
